PODS:
  - Alamofire (4.0.1)
  - SideMenu (2.0.5)

DEPENDENCIES:
  - Alamofire (~> 4.0)
  - SideMenu

SPEC CHECKSUMS:
  Alamofire: 7682d43245de14874acd142ec137b144aa1dd335
  SideMenu: 0ecfd407b24e7d36c57fc50ca7f5d7cedb7c8841

PODFILE CHECKSUM: 71dd6e703f8a4bd84d97b2d41e95dacca5072903

COCOAPODS: 1.1.1
